
Microsoft Visual Studio Solution File, Format Version 12.00
# Visual Studio Version 17
VisualStudioVersion = 17.1.32407.343
MinimumVisualStudioVersion = 10.0.40219.1
Project("{FAE04EC0-301F-11D3-BF4B-00C04F79EFBC}") = "DAL", "DAL_Layer\DAL.csproj", "{81E98B5E-8845-473D-83C4-DB61D282034C}"
EndProject
Project("{FAE04EC0-301F-11D3-BF4B-00C04F79EFBC}") = "BLL", "BLL_Layer\BLL.csproj", "{272811CF-A717-4D85-B35B-7FC1CAE1DA15}"
EndProject
Project("{FAE04EC0-301F-11D3-BF4B-00C04F79EFBC}") = "Presentation_Layer", "Presentation_Layer\Presentation_Layer.csproj", "{5B70C6BD-FEF0-4E4F-8169-86132A05A6B7}"
EndProject
Global
	GlobalSection(SolutionConfigurationPlatforms) = preSolution
		Debug|Any CPU = Debug|Any CPU
		Release|Any CPU = Release|Any CPU
	EndGlobalSection
	GlobalSection(ProjectConfigurationPlatforms) = postSolution
		{81E98B5E-8845-473D-83C4-DB61D282034C}.Debug|Any CPU.ActiveCfg = Debug|Any CPU
		{81E98B5E-8845-473D-83C4-DB61D282034C}.Debug|Any CPU.Build.0 = Debug|Any CPU
		{81E98B5E-8845-473D-83C4-DB61D282034C}.Release|Any CPU.ActiveCfg = Release|Any CPU
		{81E98B5E-8845-473D-83C4-DB61D282034C}.Release|Any CPU.Build.0 = Release|Any CPU
		{272811CF-A717-4D85-B35B-7FC1CAE1DA15}.Debug|Any CPU.ActiveCfg = Debug|Any CPU
		{272811CF-A717-4D85-B35B-7FC1CAE1DA15}.Debug|Any CPU.Build.0 = Debug|Any CPU
		{272811CF-A717-4D85-B35B-7FC1CAE1DA15}.Release|Any CPU.ActiveCfg = Release|Any CPU
		{272811CF-A717-4D85-B35B-7FC1CAE1DA15}.Release|Any CPU.Build.0 = Release|Any CPU
		{5B70C6BD-FEF0-4E4F-8169-86132A05A6B7}.Debug|Any CPU.ActiveCfg = Debug|Any CPU
		{5B70C6BD-FEF0-4E4F-8169-86132A05A6B7}.Debug|Any CPU.Build.0 = Debug|Any CPU
		{5B70C6BD-FEF0-4E4F-8169-86132A05A6B7}.Release|Any CPU.ActiveCfg = Release|Any CPU
		{5B70C6BD-FEF0-4E4F-8169-86132A05A6B7}.Release|Any CPU.Build.0 = Release|Any CPU
	EndGlobalSection
	GlobalSection(SolutionProperties) = preSolution
		HideSolutionNode = FALSE
	EndGlobalSection
	GlobalSection(ExtensibilityGlobals) = postSolution
		SolutionGuid = {77F43793-5C56-42CD-B80D-4CA2BA7FBCA2}
	EndGlobalSection
EndGlobal
